
Microsoft Visual Studio Solution File, Format Version 12.00
# Visual Studio Version 17
VisualStudioVersion = 17.0.31903.59
MinimumVisualStudioVersion = 10.0.40219.1
Project("{2150E333-8FDC-42A3-9474-1A3956D46DE8}") = "src", "src", "{827E0CD3-B72D-47B6-A68D-7590B98EB39B}"
EndProject
Project("{FAE04EC0-301F-11D3-BF4B-00C04F79EFBC}") = "SecretBase.Core", "src\SecretBase.Core\SecretBase.Core.csproj", "{21F20B3D-40D2-414A-9E29-2AA0C942B42C}"
EndProject
Project("{FAE04EC0-301F-11D3-BF4B-00C04F79EFBC}") = "SecretBase.Infrastructure", "src\SecretBase.Infrastructure\SecretBase.Infrastructure.csproj", "{B75864BD-1071-4305-9F6F-8BDC466B86D0}"
EndProject
Project("{FAE04EC0-301F-11D3-BF4B-00C04F79EFBC}") = "SecretBase.Platform.Abstractions", "src\SecretBase.Platform.Abstractions\SecretBase.Platform.Abstractions.csproj", "{D5D9BA64-1C33-4228-AE67-88BC47EDE12D}"
EndProject
Project("{FAE04EC0-301F-11D3-BF4B-00C04F79EFBC}") = "SecretBase.Platform.Windows", "src\SecretBase.Platform.Windows\SecretBase.Platform.Windows.csproj", "{4DBBD94D-29C2-41C9-9135-2AF7BA0DA205}"
EndProject
Project("{FAE04EC0-301F-11D3-BF4B-00C04F79EFBC}") = "SecretBase.Widgets", "src\SecretBase.Widgets\SecretBase.Widgets.csproj", "{B4EA1942-DE13-4987-BC1A-ACBDE281E603}"
EndProject
Project("{FAE04EC0-301F-11D3-BF4B-00C04F79EFBC}") = "SecretBase.App", "src\SecretBase.App\SecretBase.App.csproj", "{8948C6A8-3C0F-4907-89CB-CCCC326F0000}"
EndProject
Project("{2150E333-8FDC-42A3-9474-1A3956D46DE8}") = "tests", "tests", "{0AB3BF05-4346-4AA6-1389-037BE0695223}"
EndProject
Project("{FAE04EC0-301F-11D3-BF4B-00C04F79EFBC}") = "SecretBase.Core.Tests", "tests\SecretBase.Core.Tests\SecretBase.Core.Tests.csproj", "{3D2C1D04-4BE5-469D-8315-317464ED52E4}"
EndProject
Project("{FAE04EC0-301F-11D3-BF4B-00C04F79EFBC}") = "SecretBase.Infrastructure.Tests", "tests\SecretBase.Infrastructure.Tests\SecretBase.Infrastructure.Tests.csproj", "{B28D82C6-352D-4ECE-A6EF-40991985779D}"
EndProject
Project("{FAE04EC0-301F-11D3-BF4B-00C04F79EFBC}") = "SecretBase.Platform.Windows.Tests", "tests\SecretBase.Platform.Windows.Tests\SecretBase.Platform.Windows.Tests.csproj", "{F6A0F350-810C-45F3-B68F-3A6C97DCE327}"
EndProject
Global
	GlobalSection(SolutionConfigurationPlatforms) = preSolution
		Debug|Any CPU = Debug|Any CPU
		Debug|x64 = Debug|x64
		Debug|x86 = Debug|x86
		Release|Any CPU = Release|Any CPU
		Release|x64 = Release|x64
		Release|x86 = Release|x86
	EndGlobalSection
	GlobalSection(ProjectConfigurationPlatforms) = postSolution
		{21F20B3D-40D2-414A-9E29-2AA0C942B42C}.Debug|Any CPU.ActiveCfg = Debug|Any CPU
		{21F20B3D-40D2-414A-9E29-2AA0C942B42C}.Debug|Any CPU.Build.0 = Debug|Any CPU
		{21F20B3D-40D2-414A-9E29-2AA0C942B42C}.Debug|x64.ActiveCfg = Debug|Any CPU
		{21F20B3D-40D2-414A-9E29-2AA0C942B42C}.Debug|x64.Build.0 = Debug|Any CPU
		{21F20B3D-40D2-414A-9E29-2AA0C942B42C}.Debug|x86.ActiveCfg = Debug|Any CPU
		{21F20B3D-40D2-414A-9E29-2AA0C942B42C}.Debug|x86.Build.0 = Debug|Any CPU
		{21F20B3D-40D2-414A-9E29-2AA0C942B42C}.Release|Any CPU.ActiveCfg = Release|Any CPU
		{21F20B3D-40D2-414A-9E29-2AA0C942B42C}.Release|Any CPU.Build.0 = Release|Any CPU
		{21F20B3D-40D2-414A-9E29-2AA0C942B42C}.Release|x64.ActiveCfg = Release|Any CPU
		{21F20B3D-40D2-414A-9E29-2AA0C942B42C}.Release|x64.Build.0 = Release|Any CPU
		{21F20B3D-40D2-414A-9E29-2AA0C942B42C}.Release|x86.ActiveCfg = Release|Any CPU
		{21F20B3D-40D2-414A-9E29-2AA0C942B42C}.Release|x86.Build.0 = Release|Any CPU
		{B75864BD-1071-4305-9F6F-8BDC466B86D0}.Debug|Any CPU.ActiveCfg = Debug|Any CPU
		{B75864BD-1071-4305-9F6F-8BDC466B86D0}.Debug|Any CPU.Build.0 = Debug|Any CPU
		{B75864BD-1071-4305-9F6F-8BDC466B86D0}.Debug|x64.ActiveCfg = Debug|Any CPU
		{B75864BD-1071-4305-9F6F-8BDC466B86D0}.Debug|x64.Build.0 = Debug|Any CPU
		{B75864BD-1071-4305-9F6F-8BDC466B86D0}.Debug|x86.ActiveCfg = Debug|Any CPU
		{B75864BD-1071-4305-9F6F-8BDC466B86D0}.Debug|x86.Build.0 = Debug|Any CPU
		{B75864BD-1071-4305-9F6F-8BDC466B86D0}.Release|Any CPU.ActiveCfg = Release|Any CPU
		{B75864BD-1071-4305-9F6F-8BDC466B86D0}.Release|Any CPU.Build.0 = Release|Any CPU
		{B75864BD-1071-4305-9F6F-8BDC466B86D0}.Release|x64.ActiveCfg = Release|Any CPU
		{B75864BD-1071-4305-9F6F-8BDC466B86D0}.Release|x64.Build.0 = Release|Any CPU
		{B75864BD-1071-4305-9F6F-8BDC466B86D0}.Release|x86.ActiveCfg = Release|Any CPU
		{B75864BD-1071-4305-9F6F-8BDC466B86D0}.Release|x86.Build.0 = Release|Any CPU
		{D5D9BA64-1C33-4228-AE67-88BC47EDE12D}.Debug|Any CPU.ActiveCfg = Debug|Any CPU
		{D5D9BA64-1C33-4228-AE67-88BC47EDE12D}.Debug|Any CPU.Build.0 = Debug|Any CPU
		{D5D9BA64-1C33-4228-AE67-88BC47EDE12D}.Debug|x64.ActiveCfg = Debug|Any CPU
		{D5D9BA64-1C33-4228-AE67-88BC47EDE12D}.Debug|x64.Build.0 = Debug|Any CPU
		{D5D9BA64-1C33-4228-AE67-88BC47EDE12D}.Debug|x86.ActiveCfg = Debug|Any CPU
		{D5D9BA64-1C33-4228-AE67-88BC47EDE12D}.Debug|x86.Build.0 = Debug|Any CPU
		{D5D9BA64-1C33-4228-AE67-88BC47EDE12D}.Release|Any CPU.ActiveCfg = Release|Any CPU
		{D5D9BA64-1C33-4228-AE67-88BC47EDE12D}.Release|Any CPU.Build.0 = Release|Any CPU
		{D5D9BA64-1C33-4228-AE67-88BC47EDE12D}.Release|x64.ActiveCfg = Release|Any CPU
		{D5D9BA64-1C33-4228-AE67-88BC47EDE12D}.Release|x64.Build.0 = Release|Any CPU
		{D5D9BA64-1C33-4228-AE67-88BC47EDE12D}.Release|x86.ActiveCfg = Release|Any CPU
		{D5D9BA64-1C33-4228-AE67-88BC47EDE12D}.Release|x86.Build.0 = Release|Any CPU
		{4DBBD94D-29C2-41C9-9135-2AF7BA0DA205}.Debug|Any CPU.ActiveCfg = Debug|Any CPU
		{4DBBD94D-29C2-41C9-9135-2AF7BA0DA205}.Debug|Any CPU.Build.0 = Debug|Any CPU
		{4DBBD94D-29C2-41C9-9135-2AF7BA0DA205}.Debug|x64.ActiveCfg = Debug|Any CPU
		{4DBBD94D-29C2-41C9-9135-2AF7BA0DA205}.Debug|x64.Build.0 = Debug|Any CPU
		{4DBBD94D-29C2-41C9-9135-2AF7BA0DA205}.Debug|x86.ActiveCfg = Debug|Any CPU
		{4DBBD94D-29C2-41C9-9135-2AF7BA0DA205}.Debug|x86.Build.0 = Debug|Any CPU
		{4DBBD94D-29C2-41C9-9135-2AF7BA0DA205}.Release|Any CPU.ActiveCfg = Release|Any CPU
		{4DBBD94D-29C2-41C9-9135-2AF7BA0DA205}.Release|Any CPU.Build.0 = Release|Any CPU
		{4DBBD94D-29C2-41C9-9135-2AF7BA0DA205}.Release|x64.ActiveCfg = Release|Any CPU
		{4DBBD94D-29C2-41C9-9135-2AF7BA0DA205}.Release|x64.Build.0 = Release|Any CPU
		{4DBBD94D-29C2-41C9-9135-2AF7BA0DA205}.Release|x86.ActiveCfg = Release|Any CPU
		{4DBBD94D-29C2-41C9-9135-2AF7BA0DA205}.Release|x86.Build.0 = Release|Any CPU
		{B4EA1942-DE13-4987-BC1A-ACBDE281E603}.Debug|Any CPU.ActiveCfg = Debug|Any CPU
		{B4EA1942-DE13-4987-BC1A-ACBDE281E603}.Debug|Any CPU.Build.0 = Debug|Any CPU
		{B4EA1942-DE13-4987-BC1A-ACBDE281E603}.Debug|x64.ActiveCfg = Debug|Any CPU
		{B4EA1942-DE13-4987-BC1A-ACBDE281E603}.Debug|x64.Build.0 = Debug|Any CPU
		{B4EA1942-DE13-4987-BC1A-ACBDE281E603}.Debug|x86.ActiveCfg = Debug|Any CPU
		{B4EA1942-DE13-4987-BC1A-ACBDE281E603}.Debug|x86.Build.0 = Debug|Any CPU
		{B4EA1942-DE13-4987-BC1A-ACBDE281E603}.Release|Any CPU.ActiveCfg = Release|Any CPU
		{B4EA1942-DE13-4987-BC1A-ACBDE281E603}.Release|Any CPU.Build.0 = Release|Any CPU
		{B4EA1942-DE13-4987-BC1A-ACBDE281E603}.Release|x64.ActiveCfg = Release|Any CPU
		{B4EA1942-DE13-4987-BC1A-ACBDE281E603}.Release|x64.Build.0 = Release|Any CPU
		{B4EA1942-DE13-4987-BC1A-ACBDE281E603}.Release|x86.ActiveCfg = Release|Any CPU
		{B4EA1942-DE13-4987-BC1A-ACBDE281E603}.Release|x86.Build.0 = Release|Any CPU
		{8948C6A8-3C0F-4907-89CB-CCCC326F0000}.Debug|Any CPU.ActiveCfg = Debug|x86
		{8948C6A8-3C0F-4907-89CB-CCCC326F0000}.Debug|Any CPU.Build.0 = Debug|x86
		{8948C6A8-3C0F-4907-89CB-CCCC326F0000}.Debug|x64.ActiveCfg = Debug|x64
		{8948C6A8-3C0F-4907-89CB-CCCC326F0000}.Debug|x64.Build.0 = Debug|x64
		{8948C6A8-3C0F-4907-89CB-CCCC326F0000}.Debug|x86.ActiveCfg = Debug|x86
		{8948C6A8-3C0F-4907-89CB-CCCC326F0000}.Debug|x86.Build.0 = Debug|x86
		{8948C6A8-3C0F-4907-89CB-CCCC326F0000}.Release|Any CPU.ActiveCfg = Release|x86
		{8948C6A8-3C0F-4907-89CB-CCCC326F0000}.Release|Any CPU.Build.0 = Release|x86
		{8948C6A8-3C0F-4907-89CB-CCCC326F0000}.Release|x64.ActiveCfg = Release|x64
		{8948C6A8-3C0F-4907-89CB-CCCC326F0000}.Release|x64.Build.0 = Release|x64
		{8948C6A8-3C0F-4907-89CB-CCCC326F0000}.Release|x86.ActiveCfg = Release|x86
		{8948C6A8-3C0F-4907-89CB-CCCC326F0000}.Release|x86.Build.0 = Release|x86
		{3D2C1D04-4BE5-469D-8315-317464ED52E4}.Debug|Any CPU.ActiveCfg = Debug|Any CPU
		{3D2C1D04-4BE5-469D-8315-317464ED52E4}.Debug|Any CPU.Build.0 = Debug|Any CPU
		{3D2C1D04-4BE5-469D-8315-317464ED52E4}.Debug|x64.ActiveCfg = Debug|Any CPU
		{3D2C1D04-4BE5-469D-8315-317464ED52E4}.Debug|x64.Build.0 = Debug|Any CPU
		{3D2C1D04-4BE5-469D-8315-317464ED52E4}.Debug|x86.ActiveCfg = Debug|Any CPU
		{3D2C1D04-4BE5-469D-8315-317464ED52E4}.Debug|x86.Build.0 = Debug|Any CPU
		{3D2C1D04-4BE5-469D-8315-317464ED52E4}.Release|Any CPU.ActiveCfg = Release|Any CPU
		{3D2C1D04-4BE5-469D-8315-317464ED52E4}.Release|Any CPU.Build.0 = Release|Any CPU
		{3D2C1D04-4BE5-469D-8315-317464ED52E4}.Release|x64.ActiveCfg = Release|Any CPU
		{3D2C1D04-4BE5-469D-8315-317464ED52E4}.Release|x64.Build.0 = Release|Any CPU
		{3D2C1D04-4BE5-469D-8315-317464ED52E4}.Release|x86.ActiveCfg = Release|Any CPU
		{3D2C1D04-4BE5-469D-8315-317464ED52E4}.Release|x86.Build.0 = Release|Any CPU
		{B28D82C6-352D-4ECE-A6EF-40991985779D}.Debug|Any CPU.ActiveCfg = Debug|Any CPU
		{B28D82C6-352D-4ECE-A6EF-40991985779D}.Debug|Any CPU.Build.0 = Debug|Any CPU
		{B28D82C6-352D-4ECE-A6EF-40991985779D}.Debug|x64.ActiveCfg = Debug|Any CPU
		{B28D82C6-352D-4ECE-A6EF-40991985779D}.Debug|x64.Build.0 = Debug|Any CPU
		{B28D82C6-352D-4ECE-A6EF-40991985779D}.Debug|x86.ActiveCfg = Debug|Any CPU
		{B28D82C6-352D-4ECE-A6EF-40991985779D}.Debug|x86.Build.0 = Debug|Any CPU
		{B28D82C6-352D-4ECE-A6EF-40991985779D}.Release|Any CPU.ActiveCfg = Release|Any CPU
		{B28D82C6-352D-4ECE-A6EF-40991985779D}.Release|Any CPU.Build.0 = Release|Any CPU
		{B28D82C6-352D-4ECE-A6EF-40991985779D}.Release|x64.ActiveCfg = Release|Any CPU
		{B28D82C6-352D-4ECE-A6EF-40991985779D}.Release|x64.Build.0 = Release|Any CPU
		{B28D82C6-352D-4ECE-A6EF-40991985779D}.Release|x86.ActiveCfg = Release|Any CPU
		{B28D82C6-352D-4ECE-A6EF-40991985779D}.Release|x86.Build.0 = Release|Any CPU
		{F6A0F350-810C-45F3-B68F-3A6C97DCE327}.Debug|Any CPU.ActiveCfg = Debug|x64
		{F6A0F350-810C-45F3-B68F-3A6C97DCE327}.Debug|Any CPU.Build.0 = Debug|x64
		{F6A0F350-810C-45F3-B68F-3A6C97DCE327}.Debug|x64.ActiveCfg = Debug|x64
		{F6A0F350-810C-45F3-B68F-3A6C97DCE327}.Debug|x64.Build.0 = Debug|x64
		{F6A0F350-810C-45F3-B68F-3A6C97DCE327}.Debug|x86.ActiveCfg = Debug|x86
		{F6A0F350-810C-45F3-B68F-3A6C97DCE327}.Debug|x86.Build.0 = Debug|x86
		{F6A0F350-810C-45F3-B68F-3A6C97DCE327}.Release|Any CPU.ActiveCfg = Release|x64
		{F6A0F350-810C-45F3-B68F-3A6C97DCE327}.Release|Any CPU.Build.0 = Release|x64
		{F6A0F350-810C-45F3-B68F-3A6C97DCE327}.Release|x64.ActiveCfg = Release|x64
		{F6A0F350-810C-45F3-B68F-3A6C97DCE327}.Release|x64.Build.0 = Release|x64
		{F6A0F350-810C-45F3-B68F-3A6C97DCE327}.Release|x86.ActiveCfg = Release|x86
		{F6A0F350-810C-45F3-B68F-3A6C97DCE327}.Release|x86.Build.0 = Release|x86
	EndGlobalSection
	GlobalSection(SolutionProperties) = preSolution
		HideSolutionNode = FALSE
	EndGlobalSection
	GlobalSection(NestedProjects) = preSolution
		{21F20B3D-40D2-414A-9E29-2AA0C942B42C} = {827E0CD3-B72D-47B6-A68D-7590B98EB39B}
		{B75864BD-1071-4305-9F6F-8BDC466B86D0} = {827E0CD3-B72D-47B6-A68D-7590B98EB39B}
		{D5D9BA64-1C33-4228-AE67-88BC47EDE12D} = {827E0CD3-B72D-47B6-A68D-7590B98EB39B}
		{4DBBD94D-29C2-41C9-9135-2AF7BA0DA205} = {827E0CD3-B72D-47B6-A68D-7590B98EB39B}
		{B4EA1942-DE13-4987-BC1A-ACBDE281E603} = {827E0CD3-B72D-47B6-A68D-7590B98EB39B}
		{8948C6A8-3C0F-4907-89CB-CCCC326F0000} = {827E0CD3-B72D-47B6-A68D-7590B98EB39B}
		{3D2C1D04-4BE5-469D-8315-317464ED52E4} = {0AB3BF05-4346-4AA6-1389-037BE0695223}
		{B28D82C6-352D-4ECE-A6EF-40991985779D} = {0AB3BF05-4346-4AA6-1389-037BE0695223}
		{F6A0F350-810C-45F3-B68F-3A6C97DCE327} = {0AB3BF05-4346-4AA6-1389-037BE0695223}
	EndGlobalSection
EndGlobal
